
Microsoft Visual Studio Solution File, Format Version 12.00
# Visual Studio 15
VisualStudioVersion = 15.0.28307.757
MinimumVisualStudioVersion = 10.0.40219.1
Project("{FAE04EC0-301F-11D3-BF4B-00C04F79EFBC}") = "Betr", "Betr\Betr.csproj", "{B4345B62-3EAC-40C3-A56E-85053CB0195D}"
EndProject
Global
	GlobalSection(SolutionConfigurationPlatforms) = preSolution
		Debug|Any CPU = Debug|Any CPU
		Release|Any CPU = Release|Any CPU
	EndGlobalSection
	GlobalSection(ProjectConfigurationPlatforms) = postSolution
		{B4345B62-3EAC-40C3-A56E-85053CB0195D}.Debug|Any CPU.ActiveCfg = Debug|Any CPU
		{B4345B62-3EAC-40C3-A56E-85053CB0195D}.Debug|Any CPU.Build.0 = Debug|Any CPU
		{B4345B62-3EAC-40C3-A56E-85053CB0195D}.Release|Any CPU.ActiveCfg = Release|Any CPU
		{B4345B62-3EAC-40C3-A56E-85053CB0195D}.Release|Any CPU.Build.0 = Release|Any CPU
	EndGlobalSection
	GlobalSection(SolutionProperties) = preSolution
		HideSolutionNode = FALSE
	EndGlobalSection
	GlobalSection(ExtensibilityGlobals) = postSolution
		SolutionGuid = {146D95D1-1ED6-4F0D-AA22-3AAAE7D42C7D}
	EndGlobalSection
EndGlobal
